// !$*UTF8*$!
{
	archiveVersion = 1;
	classes = {
	};
	objectVersion = 50;
	objects = {

/* Begin PBXBuildFile section */
		5A53AA83251D9F7100705C24 /* Main.storyboard in Resources */ = {isa = PBXBuildFile; fileRef = 5A53AA82251D9F7100705C24 /* Main.storyboard */; };
		5A53AA85251D9FC500705C24 /* WeatherViewController.swift in Sources */ = {isa = PBXBuildFile; fileRef = 5A53AA84251D9FC500705C24 /* WeatherViewController.swift */; };
		5A53AA87251DA1E900705C24 /* WeatherInteractor.swift in Sources */ = {isa = PBXBuildFile; fileRef = 5A53AA86251DA1E900705C24 /* WeatherInteractor.swift */; };
		5A53AA8A251DA4C400705C24 /* LocationService.swift in Sources */ = {isa = PBXBuildFile; fileRef = 5A53AA89251DA4C400705C24 /* LocationService.swift */; };
		5A53AA8C251DA8D500705C24 /* WeatherService.swift in Sources */ = {isa = PBXBuildFile; fileRef = 5A53AA8B251DA8D500705C24 /* WeatherService.swift */; };
		5A53AA8E251DA95200705C24 /* WeatherModel.swift in Sources */ = {isa = PBXBuildFile; fileRef = 5A53AA8D251DA95200705C24 /* WeatherModel.swift */; };
		5A53AA94251DABB100705C24 /* Networker.swift in Sources */ = {isa = PBXBuildFile; fileRef = 5A53AA92251DABB100705C24 /* Networker.swift */; };
		5A53AA95251DABB100705C24 /* ApiError.swift in Sources */ = {isa = PBXBuildFile; fileRef = 5A53AA93251DABB100705C24 /* ApiError.swift */; };
		5A53AA97251DAC8400705C24 /* UrlConstants.swift in Sources */ = {isa = PBXBuildFile; fileRef = 5A53AA96251DAC8300705C24 /* UrlConstants.swift */; };
		5AA03AFF251B54E9009BF523 /* AppDelegate.swift in Sources */ = {isa = PBXBuildFile; fileRef = 5AA03AFE251B54E9009BF523 /* AppDelegate.swift */; };
		5AA03B01251B54E9009BF523 /* SceneDelegate.swift in Sources */ = {isa = PBXBuildFile; fileRef = 5AA03B00251B54E9009BF523 /* SceneDelegate.swift */; };
		5AA03B03251B54E9009BF523 /* ViewController.swift in Sources */ = {isa = PBXBuildFile; fileRef = 5AA03B02251B54E9009BF523 /* ViewController.swift */; };
		5AA03B08251B54F0009BF523 /* Assets.xcassets in Resources */ = {isa = PBXBuildFile; fileRef = 5AA03B07251B54F0009BF523 /* Assets.xcassets */; };
		5AA03B0B251B54F0009BF523 /* LaunchScreen.storyboard in Resources */ = {isa = PBXBuildFile; fileRef = 5AA03B09251B54F0009BF523 /* LaunchScreen.storyboard */; };
		5AA03B19251B6CBE009BF523 /* WeatherVIPTests.swift in Sources */ = {isa = PBXBuildFile; fileRef = 5AA03B18251B6CBE009BF523 /* WeatherVIPTests.swift */; };
/* End PBXBuildFile section */

/* Begin PBXContainerItemProxy section */
		5AA03B1B251B6CBF009BF523 /* PBXContainerItemProxy */ = {
			isa = PBXContainerItemProxy;
			containerPortal = 5AA03AF3251B54E8009BF523 /* Project object */;
			proxyType = 1;
			remoteGlobalIDString = 5AA03AFA251B54E8009BF523;
			remoteInfo = WeatherVIP;
		};
/* End PBXContainerItemProxy section */

/* Begin PBXFileReference section */
		5A53AA82251D9F7100705C24 /* Main.storyboard */ = {isa = PBXFileReference; fileEncoding = 4; lastKnownFileType = file.storyboard; path = Main.storyboard; sourceTree = "<group>"; };
		5A53AA84251D9FC500705C24 /* WeatherViewController.swift */ = {isa = PBXFileReference; fileEncoding = 4; lastKnownFileType = sourcecode.swift; path = WeatherViewController.swift; sourceTree = "<group>"; };
		5A53AA86251DA1E900705C24 /* WeatherInteractor.swift */ = {isa = PBXFileReference; lastKnownFileType = sourcecode.swift; path = WeatherInteractor.swift; sourceTree = "<group>"; };
		5A53AA89251DA4C400705C24 /* LocationService.swift */ = {isa = PBXFileReference; fileEncoding = 4; lastKnownFileType = sourcecode.swift; path = LocationService.swift; sourceTree = "<group>"; };
		5A53AA8B251DA8D500705C24 /* WeatherService.swift */ = {isa = PBXFileReference; fileEncoding = 4; lastKnownFileType = sourcecode.swift; path = WeatherService.swift; sourceTree = "<group>"; };
		5A53AA8D251DA95200705C24 /* WeatherModel.swift */ = {isa = PBXFileReference; lastKnownFileType = sourcecode.swift; path = WeatherModel.swift; sourceTree = "<group>"; };
		5A53AA92251DABB100705C24 /* Networker.swift */ = {isa = PBXFileReference; fileEncoding = 4; lastKnownFileType = sourcecode.swift; path = Networker.swift; sourceTree = "<group>"; };
		5A53AA93251DABB100705C24 /* ApiError.swift */ = {isa = PBXFileReference; fileEncoding = 4; lastKnownFileType = sourcecode.swift; path = ApiError.swift; sourceTree = "<group>"; };
		5A53AA96251DAC8300705C24 /* UrlConstants.swift */ = {isa = PBXFileReference; fileEncoding = 4; lastKnownFileType = sourcecode.swift; path = UrlConstants.swift; sourceTree = "<group>"; };
		5AA03AFB251B54E9009BF523 /* WeatherVIP.app */ = {isa = PBXFileReference; explicitFileType = wrapper.application; includeInIndex = 0; path = WeatherVIP.app; sourceTree = BUILT_PRODUCTS_DIR; };
		5AA03AFE251B54E9009BF523 /* AppDelegate.swift */ = {isa = PBXFileReference; lastKnownFileType = sourcecode.swift; path = AppDelegate.swift; sourceTree = "<group>"; };
		5AA03B00251B54E9009BF523 /* SceneDelegate.swift */ = {isa = PBXFileReference; lastKnownFileType = sourcecode.swift; path = SceneDelegate.swift; sourceTree = "<group>"; };
		5AA03B02251B54E9009BF523 /* ViewController.swift */ = {isa = PBXFileReference; lastKnownFileType = sourcecode.swift; path = ViewController.swift; sourceTree = "<group>"; };
		5AA03B07251B54F0009BF523 /* Assets.xcassets */ = {isa = PBXFileReference; lastKnownFileType = folder.assetcatalog; path = Assets.xcassets; sourceTree = "<group>"; };
		5AA03B0A251B54F0009BF523 /* Base */ = {isa = PBXFileReference; lastKnownFileType = file.storyboard; name = Base; path = Base.lproj/LaunchScreen.storyboard; sourceTree = "<group>"; };
		5AA03B0C251B54F0009BF523 /* Info.plist */ = {isa = PBXFileReference; lastKnownFileType = text.plist.xml; path = Info.plist; sourceTree = "<group>"; };
		5AA03B16251B6CBE009BF523 /* WeatherVIPTests.xctest */ = {isa = PBXFileReference; explicitFileType = wrapper.cfbundle; includeInIndex = 0; path = WeatherVIPTests.xctest; sourceTree = BUILT_PRODUCTS_DIR; };
		5AA03B18251B6CBE009BF523 /* WeatherVIPTests.swift */ = {isa = PBXFileReference; lastKnownFileType = sourcecode.swift; path = WeatherVIPTests.swift; sourceTree = "<group>"; };
		5AA03B1A251B6CBE009BF523 /* Info.plist */ = {isa = PBXFileReference; lastKnownFileType = text.plist.xml; path = Info.plist; sourceTree = "<group>"; };
/* End PBXFileReference section */

/* Begin PBXFrameworksBuildPhase section */
		5AA03AF8251B54E8009BF523 /* Frameworks */ = {
			isa = PBXFrameworksBuildPhase;
			buildActionMask = 2147483647;
			files = (
			);
			runOnlyForDeploymentPostprocessing = 0;
		};
		5AA03B13251B6CBE009BF523 /* Frameworks */ = {
			isa = PBXFrameworksBuildPhase;
			buildActionMask = 2147483647;
			files = (
			);
			runOnlyForDeploymentPostprocessing = 0;
		};
/* End PBXFrameworksBuildPhase section */

/* Begin PBXGroup section */
		5A53AA7F251D9EEB00705C24 /* feature */ = {
			isa = PBXGroup;
			children = (
				5A53AA81251D9F3600705C24 /* forecast */,
			);
			path = feature;
			sourceTree = "<group>";
		};
		5A53AA80251D9EF300705C24 /* common */ = {
			isa = PBXGroup;
			children = (
				5A53AA96251DAC8300705C24 /* UrlConstants.swift */,
				5A53AA91251DAB9E00705C24 /* Network */,
			);
			path = common;
			sourceTree = "<group>";
		};
		5A53AA81251D9F3600705C24 /* forecast */ = {
			isa = PBXGroup;
			children = (
				5A53AA84251D9FC500705C24 /* WeatherViewController.swift */,
				5A53AA82251D9F7100705C24 /* Main.storyboard */,
				5A53AA86251DA1E900705C24 /* WeatherInteractor.swift */,
				5A53AA8D251DA95200705C24 /* WeatherModel.swift */,
			);
			path = forecast;
			sourceTree = "<group>";
		};
		5A53AA88251DA4A100705C24 /* services */ = {
			isa = PBXGroup;
			children = (
				5A53AA89251DA4C400705C24 /* LocationService.swift */,
				5A53AA8B251DA8D500705C24 /* WeatherService.swift */,
			);
			path = services;
			sourceTree = "<group>";
		};
		5A53AA91251DAB9E00705C24 /* Network */ = {
			isa = PBXGroup;
			children = (
				5A53AA93251DABB100705C24 /* ApiError.swift */,
				5A53AA92251DABB100705C24 /* Networker.swift */,
			);
			path = Network;
			sourceTree = "<group>";
		};
		5AA03AF2251B54E8009BF523 = {
			isa = PBXGroup;
			children = (
				5AA03AFD251B54E9009BF523 /* WeatherVIP */,
				5AA03B17251B6CBE009BF523 /* WeatherVIPTests */,
				5AA03AFC251B54E9009BF523 /* Products */,
			);
			sourceTree = "<group>";
		};
		5AA03AFC251B54E9009BF523 /* Products */ = {
			isa = PBXGroup;
			children = (
				5AA03AFB251B54E9009BF523 /* WeatherVIP.app */,
				5AA03B16251B6CBE009BF523 /* WeatherVIPTests.xctest */,
			);
			name = Products;
			sourceTree = "<group>";
		};
		5AA03AFD251B54E9009BF523 /* WeatherVIP */ = {
			isa = PBXGroup;
			children = (
				5A53AA88251DA4A100705C24 /* services */,
				5A53AA80251D9EF300705C24 /* common */,
				5A53AA7F251D9EEB00705C24 /* feature */,
				5AA03AFE251B54E9009BF523 /* AppDelegate.swift */,
				5AA03B00251B54E9009BF523 /* SceneDelegate.swift */,
				5AA03B02251B54E9009BF523 /* ViewController.swift */,
				5AA03B07251B54F0009BF523 /* Assets.xcassets */,
				5AA03B09251B54F0009BF523 /* LaunchScreen.storyboard */,
				5AA03B0C251B54F0009BF523 /* Info.plist */,
			);
			path = WeatherVIP;
			sourceTree = "<group>";
		};
		5AA03B17251B6CBE009BF523 /* WeatherVIPTests */ = {
			isa = PBXGroup;
			children = (
				5AA03B18251B6CBE009BF523 /* WeatherVIPTests.swift */,
				5AA03B1A251B6CBE009BF523 /* Info.plist */,
			);
			path = WeatherVIPTests;
			sourceTree = "<group>";
		};
/* End PBXGroup section */

/* Begin PBXNativeTarget section */
		5AA03AFA251B54E8009BF523 /* WeatherVIP */ = {
			isa = PBXNativeTarget;
			buildConfigurationList = 5AA03B0F251B54F0009BF523 /* Build configuration list for PBXNativeTarget "WeatherVIP" */;
			buildPhases = (
				5A53AA6B251C66F900705C24 /* Swift lint */,
				5AA03AF7251B54E8009BF523 /* Sources */,
				5AA03AF8251B54E8009BF523 /* Frameworks */,
				5AA03AF9251B54E8009BF523 /* Resources */,
			);
			buildRules = (
			);
			dependencies = (
			);
			name = WeatherVIP;
			productName = WeatherVIP;
			productReference = 5AA03AFB251B54E9009BF523 /* WeatherVIP.app */;
			productType = "com.apple.product-type.application";
		};
		5AA03B15251B6CBE009BF523 /* WeatherVIPTests */ = {
			isa = PBXNativeTarget;
			buildConfigurationList = 5AA03B1D251B6CBF009BF523 /* Build configuration list for PBXNativeTarget "WeatherVIPTests" */;
			buildPhases = (
				5AA03B12251B6CBE009BF523 /* Sources */,
				5AA03B13251B6CBE009BF523 /* Frameworks */,
				5AA03B14251B6CBE009BF523 /* Resources */,
			);
			buildRules = (
			);
			dependencies = (
				5AA03B1C251B6CBF009BF523 /* PBXTargetDependency */,
			);
			name = WeatherVIPTests;
			productName = WeatherVIPTests;
			productReference = 5AA03B16251B6CBE009BF523 /* WeatherVIPTests.xctest */;
			productType = "com.apple.product-type.bundle.unit-test";
		};
/* End PBXNativeTarget section */

/* Begin PBXProject section */
		5AA03AF3251B54E8009BF523 /* Project object */ = {
			isa = PBXProject;
			attributes = {
				LastSwiftUpdateCheck = 1140;
				LastUpgradeCheck = 1140;
				ORGANIZATIONNAME = "Olorunshola Godwin";
				TargetAttributes = {
					5AA03AFA251B54E8009BF523 = {
						CreatedOnToolsVersion = 11.4;
					};
					5AA03B15251B6CBE009BF523 = {
						CreatedOnToolsVersion = 11.4;
						TestTargetID = 5AA03AFA251B54E8009BF523;
					};
				};
			};
			buildConfigurationList = 5AA03AF6251B54E8009BF523 /* Build configuration list for PBXProject "WeatherVIP" */;
			compatibilityVersion = "Xcode 9.3";
			developmentRegion = en;
			hasScannedForEncodings = 0;
			knownRegions = (
				en,
				Base,
			);
			mainGroup = 5AA03AF2251B54E8009BF523;
			productRefGroup = 5AA03AFC251B54E9009BF523 /* Products */;
			projectDirPath = "";
			projectRoot = "";
			targets = (
				5AA03AFA251B54E8009BF523 /* WeatherVIP */,
				5AA03B15251B6CBE009BF523 /* WeatherVIPTests */,
			);
		};
/* End PBXProject section */

/* Begin PBXResourcesBuildPhase section */
		5AA03AF9251B54E8009BF523 /* Resources */ = {
			isa = PBXResourcesBuildPhase;
			buildActionMask = 2147483647;
			files = (
				5AA03B0B251B54F0009BF523 /* LaunchScreen.storyboard in Resources */,
				5AA03B08251B54F0009BF523 /* Assets.xcassets in Resources */,
				5A53AA83251D9F7100705C24 /* Main.storyboard in Resources */,
			);
			runOnlyForDeploymentPostprocessing = 0;
		};
		5AA03B14251B6CBE009BF523 /* Resources */ = {
			isa = PBXResourcesBuildPhase;
			buildActionMask = 2147483647;
			files = (
			);
			runOnlyForDeploymentPostprocessing = 0;
		};
/* End PBXResourcesBuildPhase section */

/* Begin PBXShellScriptBuildPhase section */
		5A53AA6B251C66F900705C24 /* Swift lint */ = {
			isa = PBXShellScriptBuildPhase;
			buildActionMask = 2147483647;
			files = (
			);
			inputFileListPaths = (
			);
			inputPaths = (
			);
			name = "Swift lint";
			outputFileListPaths = (
			);
			outputPaths = (
			);
			runOnlyForDeploymentPostprocessing = 0;
			shellPath = /bin/sh;
			shellScript = "if which swiftlint >/dev/null; then\n  swiftlint\nelse\n  echo \"warning: SwiftLint not installed, download from https://github.com/realm/SwiftLint\"\nfi\n";
		};
/* End PBXShellScriptBuildPhase section */

/* Begin PBXSourcesBuildPhase section */
		5AA03AF7251B54E8009BF523 /* Sources */ = {
			isa = PBXSourcesBuildPhase;
			buildActionMask = 2147483647;
			files = (
				5AA03B03251B54E9009BF523 /* ViewController.swift in Sources */,
				5A53AA85251D9FC500705C24 /* WeatherViewController.swift in Sources */,
				5A53AA87251DA1E900705C24 /* WeatherInteractor.swift in Sources */,
				5A53AA95251DABB100705C24 /* ApiError.swift in Sources */,
				5AA03AFF251B54E9009BF523 /* AppDelegate.swift in Sources */,
				5A53AA8A251DA4C400705C24 /* LocationService.swift in Sources */,
				5A53AA94251DABB100705C24 /* Networker.swift in Sources */,
				5A53AA97251DAC8400705C24 /* UrlConstants.swift in Sources */,
				5AA03B01251B54E9009BF523 /* SceneDelegate.swift in Sources */,
				5A53AA8E251DA95200705C24 /* WeatherModel.swift in Sources */,
				5A53AA8C251DA8D500705C24 /* WeatherService.swift in Sources */,
			);
			runOnlyForDeploymentPostprocessing = 0;
		};
		5AA03B12251B6CBE009BF523 /* Sources */ = {
			isa = PBXSourcesBuildPhase;
			buildActionMask = 2147483647;
			files = (
				5AA03B19251B6CBE009BF523 /* WeatherVIPTests.swift in Sources */,
			);
			runOnlyForDeploymentPostprocessing = 0;
		};
/* End PBXSourcesBuildPhase section */

/* Begin PBXTargetDependency section */
		5AA03B1C251B6CBF009BF523 /* PBXTargetDependency */ = {
			isa = PBXTargetDependency;
			target = 5AA03AFA251B54E8009BF523 /* WeatherVIP */;
			targetProxy = 5AA03B1B251B6CBF009BF523 /* PBXContainerItemProxy */;
		};
/* End PBXTargetDependency section */

/* Begin PBXVariantGroup section */
		5AA03B09251B54F0009BF523 /* LaunchScreen.storyboard */ = {
			isa = PBXVariantGroup;
			children = (
				5AA03B0A251B54F0009BF523 /* Base */,
			);
			name = LaunchScreen.storyboard;
			sourceTree = "<group>";
		};
/* End PBXVariantGroup section */

/* Begin XCBuildConfiguration section */
		5AA03B0D251B54F0009BF523 /* Debug */ = {
			isa = XCBuildConfiguration;
			buildSettings = {
				ALWAYS_SEARCH_USER_PATHS = NO;
				CLANG_ANALYZER_NONNULL = YES;
				CLANG_ANALYZER_NUMBER_OBJECT_CONVERSION = YES_AGGRESSIVE;
				CLANG_CXX_LANGUAGE_STANDARD = "gnu++14";
				CLANG_CXX_LIBRARY = "libc++";
				CLANG_ENABLE_MODULES = YES;
				CLANG_ENABLE_OBJC_ARC = YES;
				CLANG_ENABLE_OBJC_WEAK = YES;
				CLANG_WARN_BLOCK_CAPTURE_AUTORELEASING = YES;
				CLANG_WARN_BOOL_CONVERSION = YES;
				CLANG_WARN_COMMA = YES;
				CLANG_WARN_CONSTANT_CONVERSION = YES;
				CLANG_WARN_DEPRECATED_OBJC_IMPLEMENTATIONS = YES;
				CLANG_WARN_DIRECT_OBJC_ISA_USAGE = YES_ERROR;
				CLANG_WARN_DOCUMENTATION_COMMENTS = YES;
				CLANG_WARN_EMPTY_BODY = YES;
				CLANG_WARN_ENUM_CONVERSION = YES;
				CLANG_WARN_INFINITE_RECURSION = YES;
				CLANG_WARN_INT_CONVERSION = YES;
				CLANG_WARN_NON_LITERAL_NULL_CONVERSION = YES;
				CLANG_WARN_OBJC_IMPLICIT_RETAIN_SELF = YES;
				CLANG_WARN_OBJC_LITERAL_CONVERSION = YES;
				CLANG_WARN_OBJC_ROOT_CLASS = YES_ERROR;
				CLANG_WARN_RANGE_LOOP_ANALYSIS = YES;
				CLANG_WARN_STRICT_PROTOTYPES = YES;
				CLANG_WARN_SUSPICIOUS_MOVE = YES;
				CLANG_WARN_UNGUARDED_AVAILABILITY = YES_AGGRESSIVE;
				CLANG_WARN_UNREACHABLE_CODE = YES;
				CLANG_WARN__DUPLICATE_METHOD_MATCH = YES;
				COPY_PHASE_STRIP = NO;
				DEBUG_INFORMATION_FORMAT = dwarf;
				ENABLE_STRICT_OBJC_MSGSEND = YES;
				ENABLE_TESTABILITY = YES;
				GCC_C_LANGUAGE_STANDARD = gnu11;
				GCC_DYNAMIC_NO_PIC = NO;
				GCC_NO_COMMON_BLOCKS = YES;
				GCC_OPTIMIZATION_LEVEL = 0;
				GCC_PREPROCESSOR_DEFINITIONS = (
					"DEBUG=1",
					"$(inherited)",
				);
				GCC_WARN_64_TO_32_BIT_CONVERSION = YES;
				GCC_WARN_ABOUT_RETURN_TYPE = YES_ERROR;
				GCC_WARN_UNDECLARED_SELECTOR = YES;
				GCC_WARN_UNINITIALIZED_AUTOS = YES_AGGRESSIVE;
				GCC_WARN_UNUSED_FUNCTION = YES;
				GCC_WARN_UNUSED_VARIABLE = YES;
				IPHONEOS_DEPLOYMENT_TARGET = 13.4;
				MTL_ENABLE_DEBUG_INFO = INCLUDE_SOURCE;
				MTL_FAST_MATH = YES;
				ONLY_ACTIVE_ARCH = YES;
				SDKROOT = iphoneos;
				SWIFT_ACTIVE_COMPILATION_CONDITIONS = DEBUG;
				SWIFT_OPTIMIZATION_LEVEL = "-Onone";
			};
			name = Debug;
		};
		5AA03B0E251B54F0009BF523 /* Release */ = {
			isa = XCBuildConfiguration;
			buildSettings = {
				ALWAYS_SEARCH_USER_PATHS = NO;
				CLANG_ANALYZER_NONNULL = YES;
				CLANG_ANALYZER_NUMBER_OBJECT_CONVERSION = YES_AGGRESSIVE;
				CLANG_CXX_LANGUAGE_STANDARD = "gnu++14";
				CLANG_CXX_LIBRARY = "libc++";
				CLANG_ENABLE_MODULES = YES;
				CLANG_ENABLE_OBJC_ARC = YES;
				CLANG_ENABLE_OBJC_WEAK = YES;
				CLANG_WARN_BLOCK_CAPTURE_AUTORELEASING = YES;
				CLANG_WARN_BOOL_CONVERSION = YES;
				CLANG_WARN_COMMA = YES;
				CLANG_WARN_CONSTANT_CONVERSION = YES;
				CLANG_WARN_DEPRECATED_OBJC_IMPLEMENTATIONS = YES;
				CLANG_WARN_DIRECT_OBJC_ISA_USAGE = YES_ERROR;
				CLANG_WARN_DOCUMENTATION_COMMENTS = YES;
				CLANG_WARN_EMPTY_BODY = YES;
				CLANG_WARN_ENUM_CONVERSION = YES;
				CLANG_WARN_INFINITE_RECURSION = YES;
				CLANG_WARN_INT_CONVERSION = YES;
				CLANG_WARN_NON_LITERAL_NULL_CONVERSION = YES;
				CLANG_WARN_OBJC_IMPLICIT_RETAIN_SELF = YES;
				CLANG_WARN_OBJC_LITERAL_CONVERSION = YES;
				CLANG_WARN_OBJC_ROOT_CLASS = YES_ERROR;
				CLANG_WARN_RANGE_LOOP_ANALYSIS = YES;
				CLANG_WARN_STRICT_PROTOTYPES = YES;
				CLANG_WARN_SUSPICIOUS_MOVE = YES;
				CLANG_WARN_UNGUARDED_AVAILABILITY = YES_AGGRESSIVE;
				CLANG_WARN_UNREACHABLE_CODE = YES;
				CLANG_WARN__DUPLICATE_METHOD_MATCH = YES;
				COPY_PHASE_STRIP = NO;
				DEBUG_INFORMATION_FORMAT = "dwarf-with-dsym";
				ENABLE_NS_ASSERTIONS = NO;
				ENABLE_STRICT_OBJC_MSGSEND = YES;
				GCC_C_LANGUAGE_STANDARD = gnu11;
				GCC_NO_COMMON_BLOCKS = YES;
				GCC_WARN_64_TO_32_BIT_CONVERSION = YES;
				GCC_WARN_ABOUT_RETURN_TYPE = YES_ERROR;
				GCC_WARN_UNDECLARED_SELECTOR = YES;
				GCC_WARN_UNINITIALIZED_AUTOS = YES_AGGRESSIVE;
				GCC_WARN_UNUSED_FUNCTION = YES;
				GCC_WARN_UNUSED_VARIABLE = YES;
				IPHONEOS_DEPLOYMENT_TARGET = 13.4;
				MTL_ENABLE_DEBUG_INFO = NO;
				MTL_FAST_MATH = YES;
				SDKROOT = iphoneos;
				SWIFT_COMPILATION_MODE = wholemodule;
				SWIFT_OPTIMIZATION_LEVEL = "-O";
				VALIDATE_PRODUCT = YES;
			};
			name = Release;
		};
		5AA03B10251B54F0009BF523 /* Debug */ = {
			isa = XCBuildConfiguration;
			buildSettings = {
				ASSETCATALOG_COMPILER_APPICON_NAME = AppIcon;
				CODE_SIGN_STYLE = Automatic;
				DEVELOPMENT_TEAM = 2N24M5H3S7;
				INFOPLIST_FILE = WeatherVIP/Info.plist;
				LD_RUNPATH_SEARCH_PATHS = (
					"$(inherited)",
					"@executable_path/Frameworks",
				);
				PRODUCT_BUNDLE_IDENTIFIER = com.weatherTest.WeatherVIP;
				PRODUCT_NAME = "$(TARGET_NAME)";
				SWIFT_VERSION = 5.0;
				TARGETED_DEVICE_FAMILY = "1,2";
			};
			name = Debug;
		};
		5AA03B11251B54F0009BF523 /* Release */ = {
			isa = XCBuildConfiguration;
			buildSettings = {
				ASSETCATALOG_COMPILER_APPICON_NAME = AppIcon;
				CODE_SIGN_STYLE = Automatic;
				DEVELOPMENT_TEAM = 2N24M5H3S7;
				INFOPLIST_FILE = WeatherVIP/Info.plist;
				LD_RUNPATH_SEARCH_PATHS = (
					"$(inherited)",
					"@executable_path/Frameworks",
				);
				PRODUCT_BUNDLE_IDENTIFIER = com.weatherTest.WeatherVIP;
				PRODUCT_NAME = "$(TARGET_NAME)";
				SWIFT_VERSION = 5.0;
				TARGETED_DEVICE_FAMILY = "1,2";
			};
			name = Release;
		};
		5AA03B1E251B6CBF009BF523 /* Debug */ = {
			isa = XCBuildConfiguration;
			buildSettings = {
				BUNDLE_LOADER = "$(TEST_HOST)";
				CODE_SIGN_STYLE = Automatic;
				INFOPLIST_FILE = WeatherVIPTests/Info.plist;
				LD_RUNPATH_SEARCH_PATHS = (
					"$(inherited)",
					"@executable_path/Frameworks",
					"@loader_path/Frameworks",
				);
				PRODUCT_BUNDLE_IDENTIFIER = com.test.WeatherVIPTests;
				PRODUCT_NAME = "$(TARGET_NAME)";
				SWIFT_VERSION = 5.0;
				TARGETED_DEVICE_FAMILY = "1,2";
				TEST_HOST = "$(BUILT_PRODUCTS_DIR)/WeatherVIP.app/WeatherVIP";
			};
			name = Debug;
		};
		5AA03B1F251B6CBF009BF523 /* Release */ = {
			isa = XCBuildConfiguration;
			buildSettings = {
				BUNDLE_LOADER = "$(TEST_HOST)";
				CODE_SIGN_STYLE = Automatic;
				INFOPLIST_FILE = WeatherVIPTests/Info.plist;
				LD_RUNPATH_SEARCH_PATHS = (
					"$(inherited)",
					"@executable_path/Frameworks",
					"@loader_path/Frameworks",
				);
				PRODUCT_BUNDLE_IDENTIFIER = com.test.WeatherVIPTests;
				PRODUCT_NAME = "$(TARGET_NAME)";
				SWIFT_VERSION = 5.0;
				TARGETED_DEVICE_FAMILY = "1,2";
				TEST_HOST = "$(BUILT_PRODUCTS_DIR)/WeatherVIP.app/WeatherVIP";
			};
			name = Release;
		};
/* End XCBuildConfiguration section */

/* Begin XCConfigurationList section */
		5AA03AF6251B54E8009BF523 /* Build configuration list for PBXProject "WeatherVIP" */ = {
			isa = XCConfigurationList;
			buildConfigurations = (
				5AA03B0D251B54F0009BF523 /* Debug */,
				5AA03B0E251B54F0009BF523 /* Release */,
			);
			defaultConfigurationIsVisible = 0;
			defaultConfigurationName = Release;
		};
		5AA03B0F251B54F0009BF523 /* Build configuration list for PBXNativeTarget "WeatherVIP" */ = {
			isa = XCConfigurationList;
			buildConfigurations = (
				5AA03B10251B54F0009BF523 /* Debug */,
				5AA03B11251B54F0009BF523 /* Release */,
			);
			defaultConfigurationIsVisible = 0;
			defaultConfigurationName = Release;
		};
		5AA03B1D251B6CBF009BF523 /* Build configuration list for PBXNativeTarget "WeatherVIPTests" */ = {
			isa = XCConfigurationList;
			buildConfigurations = (
				5AA03B1E251B6CBF009BF523 /* Debug */,
				5AA03B1F251B6CBF009BF523 /* Release */,
			);
			defaultConfigurationIsVisible = 0;
			defaultConfigurationName = Release;
		};
/* End XCConfigurationList section */
	};
	rootObject = 5AA03AF3251B54E8009BF523 /* Project object */;
}
